# This file is generated by running "yarn install" inside your project.
# Manual changes might be lost - proceed with caution!

__metadata:
  version: 8
  cacheKey: 10c0

"@types/minimatch@npm:^3.0.3":
  version: 3.0.5
  resolution: "@types/minimatch@npm:3.0.5"
  checksum: a1a19ba342d6f39b569510f621ae4bbe972dc9378d15e9a5e47904c440ee60744f5b09225bc73be1c6490e3a9c938eee69eb53debf55ce1f15761201aa965f97
  languageName: node
  linkType: hard

"ansi-styles@npm:^4.1.0":
  version: 4.3.0
  resolution: "ansi-styles@npm:4.3.0"
  dependencies:
    color-convert: "npm:^2.0.1"
  checksum: 895a23929da416f2bd3de7e9cb4eabd340949328ab85ddd6e484a637d8f6820d485f53933446f5291c3b760cbc488beb8e88573dd0f9c7daf83dccc8fe81b041
  languageName: node
  linkType: hard

"array-differ@npm:^3.0.0":
  version: 3.0.0
  resolution: "array-differ@npm:3.0.0"
  checksum: c0d924cc2b7e3f5a0e6ae932e8941c5fddc0412bcecf8d5152641910e60f5e1c1e87da2b32083dec2f92f9a8f78e916ea68c22a0579794ba49886951ae783123
  languageName: node
  linkType: hard

"array-union@npm:^2.1.0":
  version: 2.1.0
  resolution: "array-union@npm:2.1.0"
  checksum: 429897e68110374f39b771ec47a7161fc6a8fc33e196857c0a396dc75df0b5f65e4d046674db764330b6bb66b39ef48dd7c53b6a2ee75cfb0681e0c1a7033962
  languageName: node
  linkType: hard

"arrify@npm:^2.0.1":
  version: 2.0.1
  resolution: "arrify@npm:2.0.1"
  checksum: 3fb30b5e7c37abea1907a60b28a554d2f0fc088757ca9bf5b684786e583fdf14360721eb12575c1ce6f995282eab936712d3c4389122682eafab0e0b57f78dbb
  languageName: node
  linkType: hard

"balanced-match@npm:^1.0.0":
  version: 1.0.2
  resolution: "balanced-match@npm:1.0.2"
  checksum: 9308baf0a7e4838a82bbfd11e01b1cb0f0cf2893bc1676c27c2a8c0e70cbae1c59120c3268517a8ae7fb6376b4639ef81ca22582611dbee4ed28df945134aaee
  languageName: node
  linkType: hard

"brace-expansion@npm:^1.1.7":
  version: 1.1.11
  resolution: "brace-expansion@npm:1.1.11"
  dependencies:
    balanced-match: "npm:^1.0.0"
    concat-map: "npm:0.0.1"
  checksum: 695a56cd058096a7cb71fb09d9d6a7070113c7be516699ed361317aca2ec169f618e28b8af352e02ab4233fb54eb0168460a40dc320bab0034b36ab59aaad668
  languageName: node
  linkType: hard

"chalk@npm:^3.0.0":
  version: 3.0.0
  resolution: "chalk@npm:3.0.0"
  dependencies:
    ansi-styles: "npm:^4.1.0"
    supports-color: "npm:^7.1.0"
  checksum: ee650b0a065b3d7a6fda258e75d3a86fc8e4effa55871da730a9e42ccb035bf5fd203525e5a1ef45ec2582ecc4f65b47eb11357c526b84dd29a14fb162c414d2
  languageName: node
  linkType: hard

"color-convert@npm:^2.0.1":
  version: 2.0.1
  resolution: "color-convert@npm:2.0.1"
  dependencies:
    color-name: "npm:~1.1.4"
  checksum: 37e1150172f2e311fe1b2df62c6293a342ee7380da7b9cfdba67ea539909afbd74da27033208d01d6d5cfc65ee7868a22e18d7e7648e004425441c0f8a15a7d7
  languageName: node
  linkType: hard

"color-name@npm:~1.1.4":
  version: 1.1.4
  resolution: "color-name@npm:1.1.4"
  checksum: a1a3f914156960902f46f7f56bc62effc6c94e84b2cae157a526b1c1f74b677a47ec602bf68a61abfa2b42d15b7c5651c6dbe72a43af720bc588dff885b10f95
  languageName: node
  linkType: hard

"concat-map@npm:0.0.1":
  version: 0.0.1
  resolution: "concat-map@npm:0.0.1"
  checksum: c996b1cfdf95b6c90fee4dae37e332c8b6eb7d106430c17d538034c0ad9a1630cb194d2ab37293b1bdd4d779494beee7786d586a50bd9376fd6f7bcc2bd4c98f
  languageName: node
  linkType: hard

"cross-spawn@npm:^7.0.0":
  version: 7.0.3
  resolution: "cross-spawn@npm:7.0.3"
  dependencies:
    path-key: "npm:^3.1.0"
    shebang-command: "npm:^2.0.0"
    which: "npm:^2.0.1"
  checksum: 5738c312387081c98d69c98e105b6327b069197f864a60593245d64c8089c8a0a744e16349281210d56835bb9274130d825a78b2ad6853ca13cfbeffc0c31750
  languageName: node
  linkType: hard

"end-of-stream@npm:^1.1.0":
  version: 1.4.4
  resolution: "end-of-stream@npm:1.4.4"
  dependencies:
    once: "npm:^1.4.0"
  checksum: 870b423afb2d54bb8d243c63e07c170409d41e20b47eeef0727547aea5740bd6717aca45597a9f2745525667a6b804c1e7bede41f856818faee5806dd9ff3975
  languageName: node
  linkType: hard

"execa@npm:^4.0.0":
  version: 4.1.0
  resolution: "execa@npm:4.1.0"
  dependencies:
    cross-spawn: "npm:^7.0.0"
    get-stream: "npm:^5.0.0"
    human-signals: "npm:^1.1.1"
    is-stream: "npm:^2.0.0"
    merge-stream: "npm:^2.0.0"
    npm-run-path: "npm:^4.0.0"
    onetime: "npm:^5.1.0"
    signal-exit: "npm:^3.0.2"
    strip-final-newline: "npm:^2.0.0"
  checksum: 02211601bb1c52710260edcc68fb84c3c030dc68bafc697c90ada3c52cc31375337de8c24826015b8382a58d63569ffd203b79c94fef217d65503e3e8d2c52ba
  languageName: node
  linkType: hard

"find-up@npm:^4.1.0":
  version: 4.1.0
  resolution: "find-up@npm:4.1.0"
  dependencies:
    locate-path: "npm:^5.0.0"
    path-exists: "npm:^4.0.0"
  checksum: 0406ee89ebeefa2d507feb07ec366bebd8a6167ae74aa4e34fb4c4abd06cf782a3ce26ae4194d70706f72182841733f00551c209fe575cb00bd92104056e78c1
  languageName: node
  linkType: hard

"get-stream@npm:^5.0.0":
  version: 5.2.0
  resolution: "get-stream@npm:5.2.0"
  dependencies:
    pump: "npm:^3.0.0"
  checksum: 43797ffd815fbb26685bf188c8cfebecb8af87b3925091dd7b9a9c915993293d78e3c9e1bce125928ff92f2d0796f3889b92b5ec6d58d1041b574682132e0a80
  languageName: node
  linkType: hard

"has-flag@npm:^4.0.0":
  version: 4.0.0
  resolution: "has-flag@npm:4.0.0"
  checksum: 2e789c61b7888d66993e14e8331449e525ef42aac53c627cc53d1c3334e768bcb6abdc4f5f0de1478a25beec6f0bd62c7549058b7ac53e924040d4f301f02fd1
  languageName: node
  linkType: hard

"human-signals@npm:^1.1.1":
  version: 1.1.1
  resolution: "human-signals@npm:1.1.1"
  checksum: 18810ed239a7a5e23fb6c32d0fd4be75d7cd337a07ad59b8dbf0794cb0761e6e628349ee04c409e605fe55344716eab5d0a47a62ba2a2d0d367c89a2b4247b1e
  languageName: node
  linkType: hard

"husky@npm:^8.0.0":
  version: 8.0.3
  resolution: "husky@npm:8.0.3"
  bin:
    husky: lib/bin.js
  checksum: 6722591771c657b91a1abb082e07f6547eca79144d678e586828ae806499d90dce2a6aee08b66183fd8b085f19d20e0990a2ad396961746b4c8bd5bdb619d668
  languageName: node
  linkType: hard

"ignore@npm:^5.1.4":
  version: 5.3.0
  resolution: "ignore@npm:5.3.0"
  checksum: dc06bea5c23aae65d0725a957a0638b57e235ae4568dda51ca142053ed2c352de7e3bc93a69b2b32ac31966a1952e9a93c5ef2e2ab7c6b06aef9808f6b55b571
  languageName: node
  linkType: hard

"is-stream@npm:^2.0.0":
  version: 2.0.1
  resolution: "is-stream@npm:2.0.1"
  checksum: 7c284241313fc6efc329b8d7f08e16c0efeb6baab1b4cd0ba579eb78e5af1aa5da11e68559896a2067cd6c526bd29241dda4eb1225e627d5aa1a89a76d4635a5
  languageName: node
  linkType: hard

"isexe@npm:^2.0.0":
  version: 2.0.0
  resolution: "isexe@npm:2.0.0"
  checksum: 228cfa503fadc2c31596ab06ed6aa82c9976eec2bfd83397e7eaf06d0ccf42cd1dfd6743bf9aeb01aebd4156d009994c5f76ea898d2832c1fe342da923ca457d
  languageName: node
  linkType: hard

"locate-path@npm:^5.0.0":
  version: 5.0.0
  resolution: "locate-path@npm:5.0.0"
  dependencies:
    p-locate: "npm:^4.1.0"
  checksum: 33a1c5247e87e022f9713e6213a744557a3e9ec32c5d0b5efb10aa3a38177615bf90221a5592674857039c1a0fd2063b82f285702d37b792d973e9e72ace6c59
  languageName: node
  linkType: hard

"merge-stream@npm:^2.0.0":
  version: 2.0.0
  resolution: "merge-stream@npm:2.0.0"
  checksum: 867fdbb30a6d58b011449b8885601ec1690c3e41c759ecd5a9d609094f7aed0096c37823ff4a7190ef0b8f22cc86beb7049196ff68c016e3b3c671d0dac91ce5
  languageName: node
  linkType: hard

"mimic-fn@npm:^2.1.0":
  version: 2.1.0
  resolution: "mimic-fn@npm:2.1.0"
  checksum: b26f5479d7ec6cc2bce275a08f146cf78f5e7b661b18114e2506dd91ec7ec47e7a25bf4360e5438094db0560bcc868079fb3b1fb3892b833c1ecbf63f80c95a4
  languageName: node
  linkType: hard

"minimatch@npm:^3.0.4":
  version: 3.1.2
  resolution: "minimatch@npm:3.1.2"
  dependencies:
    brace-expansion: "npm:^1.1.7"
  checksum: 0262810a8fc2e72cca45d6fd86bd349eee435eb95ac6aa45c9ea2180e7ee875ef44c32b55b5973ceabe95ea12682f6e3725cbb63d7a2d1da3ae1163c8b210311
  languageName: node
  linkType: hard

"mri@npm:^1.1.5":
  version: 1.2.0
  resolution: "mri@npm:1.2.0"
  checksum: a3d32379c2554cf7351db6237ddc18dc9e54e4214953f3da105b97dc3babe0deb3ffe99cf409b38ea47cc29f9430561ba6b53b24ab8f9ce97a4b50409e4a50e7
  languageName: node
  linkType: hard

"multimatch@npm:^4.0.0":
  version: 4.0.0
  resolution: "multimatch@npm:4.0.0"
  dependencies:
    "@types/minimatch": "npm:^3.0.3"
    array-differ: "npm:^3.0.0"
    array-union: "npm:^2.1.0"
    arrify: "npm:^2.0.1"
    minimatch: "npm:^3.0.4"
  checksum: 08e6b71ea2eee2feba17bb4159d247b78d26f9a9b556abddc136c05baa5eba9d80717986e494972284947e9c0e26a19eba3fe20851463fa3dbb770e289f7a0b8
  languageName: node
  linkType: hard

"npm-run-path@npm:^4.0.0":
  version: 4.0.1
  resolution: "npm-run-path@npm:4.0.1"
  dependencies:
    path-key: "npm:^3.0.0"
  checksum: 6f9353a95288f8455cf64cbeb707b28826a7f29690244c1e4bb61ec573256e021b6ad6651b394eb1ccfd00d6ec50147253aba2c5fe58a57ceb111fad62c519ac
  languageName: node
  linkType: hard

"once@npm:^1.3.1, once@npm:^1.4.0":
  version: 1.4.0
  resolution: "once@npm:1.4.0"
  dependencies:
    wrappy: "npm:1"
  checksum: 5d48aca287dfefabd756621c5dfce5c91a549a93e9fdb7b8246bc4c4790aa2ec17b34a260530474635147aeb631a2dcc8b32c613df0675f96041cbb8244517d0
  languageName: node
  linkType: hard

"onetime@npm:^5.1.0":
  version: 5.1.2
  resolution: "onetime@npm:5.1.2"
  dependencies:
    mimic-fn: "npm:^2.1.0"
  checksum: ffcef6fbb2692c3c40749f31ea2e22677a876daea92959b8a80b521d95cca7a668c884d8b2045d1d8ee7d56796aa405c405462af112a1477594cc63531baeb8f
  languageName: node
  linkType: hard

"p-limit@npm:^2.2.0":
  version: 2.3.0
  resolution: "p-limit@npm:2.3.0"
  dependencies:
    p-try: "npm:^2.0.0"
  checksum: 8da01ac53efe6a627080fafc127c873da40c18d87b3f5d5492d465bb85ec7207e153948df6b9cbaeb130be70152f874229b8242ee2be84c0794082510af97f12
  languageName: node
  linkType: hard

"p-locate@npm:^4.1.0":
  version: 4.1.0
  resolution: "p-locate@npm:4.1.0"
  dependencies:
    p-limit: "npm:^2.2.0"
  checksum: 1b476ad69ad7f6059744f343b26d51ce091508935c1dbb80c4e0a2f397ffce0ca3a1f9f5cd3c7ce19d7929a09719d5c65fe70d8ee289c3f267cd36f2881813e9
  languageName: node
  linkType: hard

"p-try@npm:^2.0.0":
  version: 2.2.0
  resolution: "p-try@npm:2.2.0"
  checksum: c36c19907734c904b16994e6535b02c36c2224d433e01a2f1ab777237f4d86e6289fd5fd464850491e940379d4606ed850c03e0f9ab600b0ebddb511312e177f
  languageName: node
  linkType: hard

"path-exists@npm:^4.0.0":
  version: 4.0.0
  resolution: "path-exists@npm:4.0.0"
  checksum: 8c0bd3f5238188197dc78dced15207a4716c51cc4e3624c44fc97acf69558f5ebb9a2afff486fe1b4ee148e0c133e96c5e11a9aa5c48a3006e3467da070e5e1b
  languageName: node
  linkType: hard

"path-key@npm:^3.0.0, path-key@npm:^3.1.0":
  version: 3.1.1
  resolution: "path-key@npm:3.1.1"
  checksum: 748c43efd5a569c039d7a00a03b58eecd1d75f3999f5a28303d75f521288df4823bc057d8784eb72358b2895a05f29a070bc9f1f17d28226cc4e62494cc58c4c
  languageName: node
  linkType: hard

"prettier@npm:^2":
  version: 2.8.8
  resolution: "prettier@npm:2.8.8"
  bin:
    prettier: bin-prettier.js
  checksum: 463ea8f9a0946cd5b828d8cf27bd8b567345cf02f56562d5ecde198b91f47a76b7ac9eae0facd247ace70e927143af6135e8cf411986b8cb8478784a4d6d724a
  languageName: node
  linkType: hard

"pretty-quick@npm:^3.1.3":
  version: 3.1.3
  resolution: "pretty-quick@npm:3.1.3"
  dependencies:
    chalk: "npm:^3.0.0"
    execa: "npm:^4.0.0"
    find-up: "npm:^4.1.0"
    ignore: "npm:^5.1.4"
    mri: "npm:^1.1.5"
    multimatch: "npm:^4.0.0"
  peerDependencies:
    prettier: ">=2.0.0"
  bin:
    pretty-quick: bin/pretty-quick.js
  checksum: 4d52119b8247f398898347eb5a0166622c7bd9662b31dad05d19397f9ad3c2fea8318f95aec53993343d363f03c229c18b0934310b2bb27c23d33ea4a7ea04b0
  languageName: node
  linkType: hard

"pump@npm:^3.0.0":
  version: 3.0.0
  resolution: "pump@npm:3.0.0"
  dependencies:
    end-of-stream: "npm:^1.1.0"
    once: "npm:^1.3.1"
  checksum: bbdeda4f747cdf47db97428f3a135728669e56a0ae5f354a9ac5b74556556f5446a46f720a8f14ca2ece5be9b4d5d23c346db02b555f46739934cc6c093a5478
  languageName: node
  linkType: hard

"shebang-command@npm:^2.0.0":
  version: 2.0.0
  resolution: "shebang-command@npm:2.0.0"
  dependencies:
    shebang-regex: "npm:^3.0.0"
  checksum: a41692e7d89a553ef21d324a5cceb5f686d1f3c040759c50aab69688634688c5c327f26f3ecf7001ebfd78c01f3c7c0a11a7c8bfd0a8bc9f6240d4f40b224e4e
  languageName: node
  linkType: hard

"shebang-regex@npm:^3.0.0":
  version: 3.0.0
  resolution: "shebang-regex@npm:3.0.0"
  checksum: 1dbed0726dd0e1152a92696c76c7f06084eb32a90f0528d11acd764043aacf76994b2fb30aa1291a21bd019d6699164d048286309a278855ee7bec06cf6fb690
  languageName: node
  linkType: hard

"signal-exit@npm:^3.0.2":
  version: 3.0.7
  resolution: "signal-exit@npm:3.0.7"
  checksum: 25d272fa73e146048565e08f3309d5b942c1979a6f4a58a8c59d5fa299728e9c2fcd1a759ec870863b1fd38653670240cd420dad2ad9330c71f36608a6a1c912
  languageName: node
  linkType: hard

"strip-final-newline@npm:^2.0.0":
  version: 2.0.0
  resolution: "strip-final-newline@npm:2.0.0"
  checksum: bddf8ccd47acd85c0e09ad7375409d81653f645fda13227a9d459642277c253d877b68f2e5e4d819fe75733b0e626bac7e954c04f3236f6d196f79c94fa4a96f
  languageName: node
  linkType: hard

"supports-color@npm:^7.1.0":
  version: 7.2.0
  resolution: "supports-color@npm:7.2.0"
  dependencies:
    has-flag: "npm:^4.0.0"
  checksum: afb4c88521b8b136b5f5f95160c98dee7243dc79d5432db7efc27efb219385bbc7d9427398e43dd6cc730a0f87d5085ce1652af7efbe391327bc0a7d0f7fc124
  languageName: node
  linkType: hard

"which@npm:^2.0.1":
  version: 2.0.2
  resolution: "which@npm:2.0.2"
  dependencies:
    isexe: "npm:^2.0.0"
  bin:
    node-which: ./bin/node-which
  checksum: 66522872a768b60c2a65a57e8ad184e5372f5b6a9ca6d5f033d4b0dc98aff63995655a7503b9c0a2598936f532120e81dd8cc155e2e92ed662a2b9377cc4374f
  languageName: node
  linkType: hard

"wikipedia-section-summaries@workspace:.":
  version: 0.0.0-use.local
  resolution: "wikipedia-section-summaries@workspace:."
  dependencies:
    husky: "npm:^8.0.0"
    prettier: "npm:^2"
    pretty-quick: "npm:^3.1.3"
  languageName: unknown
  linkType: soft

"wrappy@npm:1":
  version: 1.0.2
  resolution: "wrappy@npm:1.0.2"
  checksum: 56fece1a4018c6a6c8e28fbc88c87e0fbf4ea8fd64fc6c63b18f4acc4bd13e0ad2515189786dd2c30d3eec9663d70f4ecf699330002f8ccb547e4a18231fc9f0
  languageName: node
  linkType: hard
